
Microsoft Visual Studio Solution File, Format Version 12.00
# Visual Studio Version 17
VisualStudioVersion = 17.0.31903.59
MinimumVisualStudioVersion = 10.0.40219.1
Project("{9A19103F-16F7-4668-BE54-9A1E7A4F7556}") = "ThreadStats", "ThreadStats\ThreadStats.csproj", "{C326C118-E1D2-41B7-9E40-0FBEBBCEAF6E}"
EndProject
Project("{9A19103F-16F7-4668-BE54-9A1E7A4F7556}") = "SimpleMultiThreadApp", "SimpleMultiThreadApp\SimpleMultiThreadApp.csproj", "{13CED052-0722-47C9-8EF7-DAF3CF0A8F00}"
EndProject
Project("{9A19103F-16F7-4668-BE54-9A1E7A4F7556}") = "AddWithThreads", "AddWithThreads\AddWithThreads.csproj", "{52DCAE03-561E-4B91-822C-792CCDE4953F}"
EndProject
Project("{9A19103F-16F7-4668-BE54-9A1E7A4F7556}") = "BackgroundThreads", "BackgroundThreads\BackgroundThreads.csproj", "{7706BCA3-44CB-40E4-8F7B-A621E545408C}"
EndProject
Project("{9A19103F-16F7-4668-BE54-9A1E7A4F7556}") = "MultiThreadedPrinting", "MultiThreadedPrinting\MultiThreadedPrinting.csproj", "{4EE2D4A2-D6E9-4550-840C-E37902184DDB}"
EndProject
Project("{9A19103F-16F7-4668-BE54-9A1E7A4F7556}") = "TimerApp", "TimerApp\TimerApp.csproj", "{54530A46-1CA1-4B46-83ED-F3A4C8F38FD8}"
EndProject
Project("{9A19103F-16F7-4668-BE54-9A1E7A4F7556}") = "ThreadPoolApp", "ThreadPoolApp\ThreadPoolApp.csproj", "{A6DF36F4-A4EE-4A40-9EE3-E27E52BF7D92}"
EndProject
Project("{9A19103F-16F7-4668-BE54-9A1E7A4F7556}") = "DataParallelismWithForEach", "DataParallelismWithForEach\DataParallelismWithForEach.csproj", "{0804C17D-975A-40E1-BDC0-5E81F2ABF47A}"
EndProject
Project("{9A19103F-16F7-4668-BE54-9A1E7A4F7556}") = "MyEBookReader", "MyEBookReader\MyEBookReader.csproj", "{E4426A63-8FD5-468E-ADF0-6F98F6AB640E}"
EndProject
Project("{9A19103F-16F7-4668-BE54-9A1E7A4F7556}") = "PLINQDataProcessingWithCancellation", "PLINQDataProcessingWithCancellation\PLINQDataProcessingWithCancellation.csproj", "{18A540B6-F765-4DFF-9E05-C2E281F6AED0}"
EndProject
Project("{9A19103F-16F7-4668-BE54-9A1E7A4F7556}") = "CSharpAsync", "CSharpAsync\CSharpAsync.csproj", "{139A32E9-7D18-4F70-A92A-62694444D851}"
EndProject
Project("{9A19103F-16F7-4668-BE54-9A1E7A4F7556}") = "PictureHandlerWithAsyncAwait", "PictureHandlerWithAsyncAwait\PictureHandlerWithAsyncAwait.csproj", "{2F9E82C7-242B-446A-B427-61CAC281C707}"
EndProject
Project("{9A19103F-16F7-4668-BE54-9A1E7A4F7556}") = "AsyncStream", "AsyncStream\AsyncStream.csproj", "{5FB9E91F-4985-450F-8ED7-3E2E6F4DBA7F}"
EndProject
Project("{9A19103F-16F7-4668-BE54-9A1E7A4F7556}") = "CustomNamespaces", "CustomNamespaces\CustomNamespaces.csproj", "{C81B3E95-47B5-416C-B30F-9CC8F1462306}"
EndProject
Project("{9A19103F-16F7-4668-BE54-9A1E7A4F7556}") = "ConfigurationFiles", "ConfigurationFiles\ConfigurationFiles.csproj", "{37250599-70A9-473D-A98A-A4E846C95A0C}"
EndProject
Project("{9A19103F-16F7-4668-BE54-9A1E7A4F7556}") = "CarLibrary", "CarLibrary\CarLibrary.csproj", "{FBF6D419-BDB2-41A0-A58C-01314F6791CD}"
EndProject
Project("{9A19103F-16F7-4668-BE54-9A1E7A4F7556}") = "CSharpCarClient", "CSharpCarClient\CSharpCarClient.csproj", "{4303F2E5-5BEE-428B-B92D-F2411B35EC0D}"
EndProject
Project("{778DAE3C-4631-46EA-AA77-85C1314464D9}") = "CarClientVB", "CarClientVB\CarClientVB.vbproj", "{AA925B62-BD3E-49DD-A162-73EF78A662F3}"
EndProject
Project("{9A19103F-16F7-4668-BE54-9A1E7A4F7556}") = "ProbingPaths", "ProbingPaths\ProbingPaths.csproj", "{78B1CF0E-F4DA-49FF-8B46-7E324DA15424}"
EndProject
Project("{9A19103F-16F7-4668-BE54-9A1E7A4F7556}") = "MyTypeViewer", "MyTypeViewer\MyTypeViewer.csproj", "{FE69A4D6-8FFB-4B0C-8C7A-6D48B8B11E54}"
EndProject
Project("{9A19103F-16F7-4668-BE54-9A1E7A4F7556}") = "ExternalAssemblyReflector", "ExternalAssemblyReflector\ExternalAssemblyReflector.csproj", "{F9FA1A5F-A7EB-4C44-B9E7-EC1ABA1A7576}"
EndProject
Project("{9A19103F-16F7-4668-BE54-9A1E7A4F7556}") = "FrameworkAssemblyViewer", "FrameworkAssemblyViewer\FrameworkAssemblyViewer.csproj", "{D7FA83B0-6BBA-4DCE-BCFC-701B9AF52329}"
EndProject
Project("{9A19103F-16F7-4668-BE54-9A1E7A4F7556}") = "LateBindingApp", "LateBindingApp\LateBindingApp.csproj", "{DC87A11C-6DC3-4155-99CC-07C6155929FB}"
EndProject
Project("{9A19103F-16F7-4668-BE54-9A1E7A4F7556}") = "ApplyingAttributes", "ApplyingAttributes\ApplyingAttributes.csproj", "{12ACED31-8317-4571-BCD3-4B7C5DD1B0BD}"
EndProject
Project("{9A19103F-16F7-4668-BE54-9A1E7A4F7556}") = "AttributedCarLibrary", "AttributedCarLibrary\AttributedCarLibrary.csproj", "{D21607BE-52A7-4180-A9F2-2DD333D2F35A}"
EndProject
Project("{9A19103F-16F7-4668-BE54-9A1E7A4F7556}") = "VehicleDescriptionAttributeReader", "VehicleDescriptionAttributeReader\VehicleDescriptionAttributeReader.csproj", "{BFA1C41B-AB89-41E4-987A-3CAFA878959A}"
EndProject
Project("{9A19103F-16F7-4668-BE54-9A1E7A4F7556}") = "VehicleDescriptionAttributeReaderLateBinding", "VehicleDescriptionAttributeReaderLateBinding\VehicleDescriptionAttributeReaderLateBinding.csproj", "{EBA8FF75-A379-4B93-9F6C-00DA4DC0EC4D}"
EndProject
Project("{9A19103F-16F7-4668-BE54-9A1E7A4F7556}") = "DynamicKeyword", "DynamicKeyword\DynamicKeyword.csproj", "{F6D37698-73E9-4FA6-9586-83408E3FCD17}"
EndProject
Project("{2150E333-8FDC-42A3-9474-1A3956D46DE8}") = "Solution Items", "Solution Items", "{F4622326-429D-4750-B9F2-54CB64243298}"
	ProjectSection(SolutionItems) = preProject
		.editorconfig = .editorconfig
	EndProjectSection
EndProject
Project("{9A19103F-16F7-4668-BE54-9A1E7A4F7556}") = "LateBindingWithDynamic", "LateBindingWithDynamic\LateBindingWithDynamic.csproj", "{446E50CB-6FAD-482C-ABA6-84D984683E7C}"
	ProjectSection(ProjectDependencies) = postProject
		{FD84AEC5-1BAA-44D8-BF1D-51F94FBDA558} = {FD84AEC5-1BAA-44D8-BF1D-51F94FBDA558}
	EndProjectSection
EndProject
Project("{9A19103F-16F7-4668-BE54-9A1E7A4F7556}") = "MathLibrary", "MathLibrary\MathLibrary.csproj", "{FD84AEC5-1BAA-44D8-BF1D-51F94FBDA558}"
EndProject
Project("{9A19103F-16F7-4668-BE54-9A1E7A4F7556}") = "RoundTrip", "RoundTrip\RoundTrip.csproj", "{5000D5A3-0EA2-4102-A299-26B06690C34B}"
EndProject
Project("{FAE04EC0-301F-11D3-BF4B-00C04F79EFBC}") = "DynamicAsmBuilder", "DynamicAsmBuilder\DynamicAsmBuilder.csproj", "{A2190A3E-BA9B-4559-ABDF-DCAC163EA519}"
EndProject
Project("{FAE04EC0-301F-11D3-BF4B-00C04F79EFBC}") = "DirectoryInfoDemo", "DirectoryInfoDemo\DirectoryInfoDemo.csproj", "{7254C5BA-977B-4B0B-8A5F-A344B6E0A547}"
EndProject
Global
	GlobalSection(SolutionConfigurationPlatforms) = preSolution
		Debug|Any CPU = Debug|Any CPU
		Release|Any CPU = Release|Any CPU
	EndGlobalSection
	GlobalSection(ProjectConfigurationPlatforms) = postSolution
		{C326C118-E1D2-41B7-9E40-0FBEBBCEAF6E}.Debug|Any CPU.ActiveCfg = Debug|Any CPU
		{C326C118-E1D2-41B7-9E40-0FBEBBCEAF6E}.Debug|Any CPU.Build.0 = Debug|Any CPU
		{C326C118-E1D2-41B7-9E40-0FBEBBCEAF6E}.Release|Any CPU.ActiveCfg = Release|Any CPU
		{C326C118-E1D2-41B7-9E40-0FBEBBCEAF6E}.Release|Any CPU.Build.0 = Release|Any CPU
		{13CED052-0722-47C9-8EF7-DAF3CF0A8F00}.Debug|Any CPU.ActiveCfg = Debug|Any CPU
		{13CED052-0722-47C9-8EF7-DAF3CF0A8F00}.Debug|Any CPU.Build.0 = Debug|Any CPU
		{13CED052-0722-47C9-8EF7-DAF3CF0A8F00}.Release|Any CPU.ActiveCfg = Release|Any CPU
		{13CED052-0722-47C9-8EF7-DAF3CF0A8F00}.Release|Any CPU.Build.0 = Release|Any CPU
		{52DCAE03-561E-4B91-822C-792CCDE4953F}.Debug|Any CPU.ActiveCfg = Debug|Any CPU
		{52DCAE03-561E-4B91-822C-792CCDE4953F}.Debug|Any CPU.Build.0 = Debug|Any CPU
		{52DCAE03-561E-4B91-822C-792CCDE4953F}.Release|Any CPU.ActiveCfg = Release|Any CPU
		{52DCAE03-561E-4B91-822C-792CCDE4953F}.Release|Any CPU.Build.0 = Release|Any CPU
		{7706BCA3-44CB-40E4-8F7B-A621E545408C}.Debug|Any CPU.ActiveCfg = Debug|Any CPU
		{7706BCA3-44CB-40E4-8F7B-A621E545408C}.Debug|Any CPU.Build.0 = Debug|Any CPU
		{7706BCA3-44CB-40E4-8F7B-A621E545408C}.Release|Any CPU.ActiveCfg = Release|Any CPU
		{7706BCA3-44CB-40E4-8F7B-A621E545408C}.Release|Any CPU.Build.0 = Release|Any CPU
		{4EE2D4A2-D6E9-4550-840C-E37902184DDB}.Debug|Any CPU.ActiveCfg = Debug|Any CPU
		{4EE2D4A2-D6E9-4550-840C-E37902184DDB}.Debug|Any CPU.Build.0 = Debug|Any CPU
		{4EE2D4A2-D6E9-4550-840C-E37902184DDB}.Release|Any CPU.ActiveCfg = Release|Any CPU
		{4EE2D4A2-D6E9-4550-840C-E37902184DDB}.Release|Any CPU.Build.0 = Release|Any CPU
		{54530A46-1CA1-4B46-83ED-F3A4C8F38FD8}.Debug|Any CPU.ActiveCfg = Debug|Any CPU
		{54530A46-1CA1-4B46-83ED-F3A4C8F38FD8}.Debug|Any CPU.Build.0 = Debug|Any CPU
		{54530A46-1CA1-4B46-83ED-F3A4C8F38FD8}.Release|Any CPU.ActiveCfg = Release|Any CPU
		{54530A46-1CA1-4B46-83ED-F3A4C8F38FD8}.Release|Any CPU.Build.0 = Release|Any CPU
		{A6DF36F4-A4EE-4A40-9EE3-E27E52BF7D92}.Debug|Any CPU.ActiveCfg = Debug|Any CPU
		{A6DF36F4-A4EE-4A40-9EE3-E27E52BF7D92}.Debug|Any CPU.Build.0 = Debug|Any CPU
		{A6DF36F4-A4EE-4A40-9EE3-E27E52BF7D92}.Release|Any CPU.ActiveCfg = Release|Any CPU
		{A6DF36F4-A4EE-4A40-9EE3-E27E52BF7D92}.Release|Any CPU.Build.0 = Release|Any CPU
		{0804C17D-975A-40E1-BDC0-5E81F2ABF47A}.Debug|Any CPU.ActiveCfg = Debug|Any CPU
		{0804C17D-975A-40E1-BDC0-5E81F2ABF47A}.Debug|Any CPU.Build.0 = Debug|Any CPU
		{0804C17D-975A-40E1-BDC0-5E81F2ABF47A}.Release|Any CPU.ActiveCfg = Release|Any CPU
		{0804C17D-975A-40E1-BDC0-5E81F2ABF47A}.Release|Any CPU.Build.0 = Release|Any CPU
		{E4426A63-8FD5-468E-ADF0-6F98F6AB640E}.Debug|Any CPU.ActiveCfg = Debug|Any CPU
		{E4426A63-8FD5-468E-ADF0-6F98F6AB640E}.Debug|Any CPU.Build.0 = Debug|Any CPU
		{E4426A63-8FD5-468E-ADF0-6F98F6AB640E}.Release|Any CPU.ActiveCfg = Release|Any CPU
		{E4426A63-8FD5-468E-ADF0-6F98F6AB640E}.Release|Any CPU.Build.0 = Release|Any CPU
		{18A540B6-F765-4DFF-9E05-C2E281F6AED0}.Debug|Any CPU.ActiveCfg = Debug|Any CPU
		{18A540B6-F765-4DFF-9E05-C2E281F6AED0}.Debug|Any CPU.Build.0 = Debug|Any CPU
		{18A540B6-F765-4DFF-9E05-C2E281F6AED0}.Release|Any CPU.ActiveCfg = Release|Any CPU
		{18A540B6-F765-4DFF-9E05-C2E281F6AED0}.Release|Any CPU.Build.0 = Release|Any CPU
		{139A32E9-7D18-4F70-A92A-62694444D851}.Debug|Any CPU.ActiveCfg = Debug|Any CPU
		{139A32E9-7D18-4F70-A92A-62694444D851}.Debug|Any CPU.Build.0 = Debug|Any CPU
		{139A32E9-7D18-4F70-A92A-62694444D851}.Release|Any CPU.ActiveCfg = Release|Any CPU
		{139A32E9-7D18-4F70-A92A-62694444D851}.Release|Any CPU.Build.0 = Release|Any CPU
		{2F9E82C7-242B-446A-B427-61CAC281C707}.Debug|Any CPU.ActiveCfg = Debug|Any CPU
		{2F9E82C7-242B-446A-B427-61CAC281C707}.Debug|Any CPU.Build.0 = Debug|Any CPU
		{2F9E82C7-242B-446A-B427-61CAC281C707}.Release|Any CPU.ActiveCfg = Release|Any CPU
		{2F9E82C7-242B-446A-B427-61CAC281C707}.Release|Any CPU.Build.0 = Release|Any CPU
		{5FB9E91F-4985-450F-8ED7-3E2E6F4DBA7F}.Debug|Any CPU.ActiveCfg = Debug|Any CPU
		{5FB9E91F-4985-450F-8ED7-3E2E6F4DBA7F}.Debug|Any CPU.Build.0 = Debug|Any CPU
		{5FB9E91F-4985-450F-8ED7-3E2E6F4DBA7F}.Release|Any CPU.ActiveCfg = Release|Any CPU
		{5FB9E91F-4985-450F-8ED7-3E2E6F4DBA7F}.Release|Any CPU.Build.0 = Release|Any CPU
		{C81B3E95-47B5-416C-B30F-9CC8F1462306}.Debug|Any CPU.ActiveCfg = Debug|Any CPU
		{C81B3E95-47B5-416C-B30F-9CC8F1462306}.Debug|Any CPU.Build.0 = Debug|Any CPU
		{C81B3E95-47B5-416C-B30F-9CC8F1462306}.Release|Any CPU.ActiveCfg = Release|Any CPU
		{C81B3E95-47B5-416C-B30F-9CC8F1462306}.Release|Any CPU.Build.0 = Release|Any CPU
		{37250599-70A9-473D-A98A-A4E846C95A0C}.Debug|Any CPU.ActiveCfg = Debug|Any CPU
		{37250599-70A9-473D-A98A-A4E846C95A0C}.Debug|Any CPU.Build.0 = Debug|Any CPU
		{37250599-70A9-473D-A98A-A4E846C95A0C}.Release|Any CPU.ActiveCfg = Release|Any CPU
		{37250599-70A9-473D-A98A-A4E846C95A0C}.Release|Any CPU.Build.0 = Release|Any CPU
		{FBF6D419-BDB2-41A0-A58C-01314F6791CD}.Debug|Any CPU.ActiveCfg = Debug|Any CPU
		{FBF6D419-BDB2-41A0-A58C-01314F6791CD}.Debug|Any CPU.Build.0 = Debug|Any CPU
		{FBF6D419-BDB2-41A0-A58C-01314F6791CD}.Release|Any CPU.ActiveCfg = Release|Any CPU
		{FBF6D419-BDB2-41A0-A58C-01314F6791CD}.Release|Any CPU.Build.0 = Release|Any CPU
		{4303F2E5-5BEE-428B-B92D-F2411B35EC0D}.Debug|Any CPU.ActiveCfg = Debug|Any CPU
		{4303F2E5-5BEE-428B-B92D-F2411B35EC0D}.Debug|Any CPU.Build.0 = Debug|Any CPU
		{4303F2E5-5BEE-428B-B92D-F2411B35EC0D}.Release|Any CPU.ActiveCfg = Release|Any CPU
		{4303F2E5-5BEE-428B-B92D-F2411B35EC0D}.Release|Any CPU.Build.0 = Release|Any CPU
		{AA925B62-BD3E-49DD-A162-73EF78A662F3}.Debug|Any CPU.ActiveCfg = Debug|Any CPU
		{AA925B62-BD3E-49DD-A162-73EF78A662F3}.Debug|Any CPU.Build.0 = Debug|Any CPU
		{AA925B62-BD3E-49DD-A162-73EF78A662F3}.Release|Any CPU.ActiveCfg = Release|Any CPU
		{AA925B62-BD3E-49DD-A162-73EF78A662F3}.Release|Any CPU.Build.0 = Release|Any CPU
		{78B1CF0E-F4DA-49FF-8B46-7E324DA15424}.Debug|Any CPU.ActiveCfg = Debug|Any CPU
		{78B1CF0E-F4DA-49FF-8B46-7E324DA15424}.Debug|Any CPU.Build.0 = Debug|Any CPU
		{78B1CF0E-F4DA-49FF-8B46-7E324DA15424}.Release|Any CPU.ActiveCfg = Release|Any CPU
		{78B1CF0E-F4DA-49FF-8B46-7E324DA15424}.Release|Any CPU.Build.0 = Release|Any CPU
		{FE69A4D6-8FFB-4B0C-8C7A-6D48B8B11E54}.Debug|Any CPU.ActiveCfg = Debug|Any CPU
		{FE69A4D6-8FFB-4B0C-8C7A-6D48B8B11E54}.Debug|Any CPU.Build.0 = Debug|Any CPU
		{FE69A4D6-8FFB-4B0C-8C7A-6D48B8B11E54}.Release|Any CPU.ActiveCfg = Release|Any CPU
		{FE69A4D6-8FFB-4B0C-8C7A-6D48B8B11E54}.Release|Any CPU.Build.0 = Release|Any CPU
		{F9FA1A5F-A7EB-4C44-B9E7-EC1ABA1A7576}.Debug|Any CPU.ActiveCfg = Debug|Any CPU
		{F9FA1A5F-A7EB-4C44-B9E7-EC1ABA1A7576}.Debug|Any CPU.Build.0 = Debug|Any CPU
		{F9FA1A5F-A7EB-4C44-B9E7-EC1ABA1A7576}.Release|Any CPU.ActiveCfg = Release|Any CPU
		{F9FA1A5F-A7EB-4C44-B9E7-EC1ABA1A7576}.Release|Any CPU.Build.0 = Release|Any CPU
		{D7FA83B0-6BBA-4DCE-BCFC-701B9AF52329}.Debug|Any CPU.ActiveCfg = Debug|Any CPU
		{D7FA83B0-6BBA-4DCE-BCFC-701B9AF52329}.Debug|Any CPU.Build.0 = Debug|Any CPU
		{D7FA83B0-6BBA-4DCE-BCFC-701B9AF52329}.Release|Any CPU.ActiveCfg = Release|Any CPU
		{D7FA83B0-6BBA-4DCE-BCFC-701B9AF52329}.Release|Any CPU.Build.0 = Release|Any CPU
		{DC87A11C-6DC3-4155-99CC-07C6155929FB}.Debug|Any CPU.ActiveCfg = Debug|Any CPU
		{DC87A11C-6DC3-4155-99CC-07C6155929FB}.Debug|Any CPU.Build.0 = Debug|Any CPU
		{DC87A11C-6DC3-4155-99CC-07C6155929FB}.Release|Any CPU.ActiveCfg = Release|Any CPU
		{DC87A11C-6DC3-4155-99CC-07C6155929FB}.Release|Any CPU.Build.0 = Release|Any CPU
		{12ACED31-8317-4571-BCD3-4B7C5DD1B0BD}.Debug|Any CPU.ActiveCfg = Debug|Any CPU
		{12ACED31-8317-4571-BCD3-4B7C5DD1B0BD}.Debug|Any CPU.Build.0 = Debug|Any CPU
		{12ACED31-8317-4571-BCD3-4B7C5DD1B0BD}.Release|Any CPU.ActiveCfg = Release|Any CPU
		{12ACED31-8317-4571-BCD3-4B7C5DD1B0BD}.Release|Any CPU.Build.0 = Release|Any CPU
		{D21607BE-52A7-4180-A9F2-2DD333D2F35A}.Debug|Any CPU.ActiveCfg = Debug|Any CPU
		{D21607BE-52A7-4180-A9F2-2DD333D2F35A}.Debug|Any CPU.Build.0 = Debug|Any CPU
		{D21607BE-52A7-4180-A9F2-2DD333D2F35A}.Release|Any CPU.ActiveCfg = Release|Any CPU
		{D21607BE-52A7-4180-A9F2-2DD333D2F35A}.Release|Any CPU.Build.0 = Release|Any CPU
		{BFA1C41B-AB89-41E4-987A-3CAFA878959A}.Debug|Any CPU.ActiveCfg = Debug|Any CPU
		{BFA1C41B-AB89-41E4-987A-3CAFA878959A}.Debug|Any CPU.Build.0 = Debug|Any CPU
		{BFA1C41B-AB89-41E4-987A-3CAFA878959A}.Release|Any CPU.ActiveCfg = Release|Any CPU
		{BFA1C41B-AB89-41E4-987A-3CAFA878959A}.Release|Any CPU.Build.0 = Release|Any CPU
		{EBA8FF75-A379-4B93-9F6C-00DA4DC0EC4D}.Debug|Any CPU.ActiveCfg = Debug|Any CPU
		{EBA8FF75-A379-4B93-9F6C-00DA4DC0EC4D}.Debug|Any CPU.Build.0 = Debug|Any CPU
		{EBA8FF75-A379-4B93-9F6C-00DA4DC0EC4D}.Release|Any CPU.ActiveCfg = Release|Any CPU
		{EBA8FF75-A379-4B93-9F6C-00DA4DC0EC4D}.Release|Any CPU.Build.0 = Release|Any CPU
		{F6D37698-73E9-4FA6-9586-83408E3FCD17}.Debug|Any CPU.ActiveCfg = Debug|Any CPU
		{F6D37698-73E9-4FA6-9586-83408E3FCD17}.Debug|Any CPU.Build.0 = Debug|Any CPU
		{F6D37698-73E9-4FA6-9586-83408E3FCD17}.Release|Any CPU.ActiveCfg = Release|Any CPU
		{F6D37698-73E9-4FA6-9586-83408E3FCD17}.Release|Any CPU.Build.0 = Release|Any CPU
		{446E50CB-6FAD-482C-ABA6-84D984683E7C}.Debug|Any CPU.ActiveCfg = Debug|Any CPU
		{446E50CB-6FAD-482C-ABA6-84D984683E7C}.Debug|Any CPU.Build.0 = Debug|Any CPU
		{446E50CB-6FAD-482C-ABA6-84D984683E7C}.Release|Any CPU.ActiveCfg = Release|Any CPU
		{446E50CB-6FAD-482C-ABA6-84D984683E7C}.Release|Any CPU.Build.0 = Release|Any CPU
		{FD84AEC5-1BAA-44D8-BF1D-51F94FBDA558}.Debug|Any CPU.ActiveCfg = Debug|Any CPU
		{FD84AEC5-1BAA-44D8-BF1D-51F94FBDA558}.Debug|Any CPU.Build.0 = Debug|Any CPU
		{FD84AEC5-1BAA-44D8-BF1D-51F94FBDA558}.Release|Any CPU.ActiveCfg = Release|Any CPU
		{FD84AEC5-1BAA-44D8-BF1D-51F94FBDA558}.Release|Any CPU.Build.0 = Release|Any CPU
		{5000D5A3-0EA2-4102-A299-26B06690C34B}.Debug|Any CPU.ActiveCfg = Debug|Any CPU
		{5000D5A3-0EA2-4102-A299-26B06690C34B}.Debug|Any CPU.Build.0 = Debug|Any CPU
		{5000D5A3-0EA2-4102-A299-26B06690C34B}.Release|Any CPU.ActiveCfg = Release|Any CPU
		{5000D5A3-0EA2-4102-A299-26B06690C34B}.Release|Any CPU.Build.0 = Release|Any CPU
		{A2190A3E-BA9B-4559-ABDF-DCAC163EA519}.Debug|Any CPU.ActiveCfg = Debug|Any CPU
		{A2190A3E-BA9B-4559-ABDF-DCAC163EA519}.Debug|Any CPU.Build.0 = Debug|Any CPU
		{A2190A3E-BA9B-4559-ABDF-DCAC163EA519}.Release|Any CPU.ActiveCfg = Release|Any CPU
		{A2190A3E-BA9B-4559-ABDF-DCAC163EA519}.Release|Any CPU.Build.0 = Release|Any CPU
		{7254C5BA-977B-4B0B-8A5F-A344B6E0A547}.Debug|Any CPU.ActiveCfg = Debug|Any CPU
		{7254C5BA-977B-4B0B-8A5F-A344B6E0A547}.Debug|Any CPU.Build.0 = Debug|Any CPU
		{7254C5BA-977B-4B0B-8A5F-A344B6E0A547}.Release|Any CPU.ActiveCfg = Release|Any CPU
		{7254C5BA-977B-4B0B-8A5F-A344B6E0A547}.Release|Any CPU.Build.0 = Release|Any CPU
	EndGlobalSection
	GlobalSection(SolutionProperties) = preSolution
		HideSolutionNode = FALSE
	EndGlobalSection
	GlobalSection(ExtensibilityGlobals) = postSolution
		SolutionGuid = {61D27C51-B5DE-4C09-B280-0CBBB64C0AE6}
	EndGlobalSection
EndGlobal
