
Microsoft Visual Studio Solution File, Format Version 12.00
# Visual Studio Version 17
VisualStudioVersion = 17.0.31903.59
MinimumVisualStudioVersion = 10.0.40219.1
Project("{FAE04EC0-301F-11D3-BF4B-00C04F79EFBC}") = "ThreadStats", "ThreadStats\ThreadStats.csproj", "{C326C118-E1D2-41B7-9E40-0FBEBBCEAF6E}"
EndProject
Project("{FAE04EC0-301F-11D3-BF4B-00C04F79EFBC}") = "SimpleMultiThreadApp", "SimpleMultiThreadApp\SimpleMultiThreadApp.csproj", "{13CED052-0722-47C9-8EF7-DAF3CF0A8F00}"
EndProject
Project("{FAE04EC0-301F-11D3-BF4B-00C04F79EFBC}") = "AddWithThreads", "AddWithThreads\AddWithThreads.csproj", "{52DCAE03-561E-4B91-822C-792CCDE4953F}"
EndProject
Project("{FAE04EC0-301F-11D3-BF4B-00C04F79EFBC}") = "BackgroundThreads", "BackgroundThreads\BackgroundThreads.csproj", "{7706BCA3-44CB-40E4-8F7B-A621E545408C}"
EndProject
Project("{FAE04EC0-301F-11D3-BF4B-00C04F79EFBC}") = "MultiThreadedPrinting", "MultiThreadedPrinting\MultiThreadedPrinting.csproj", "{4EE2D4A2-D6E9-4550-840C-E37902184DDB}"
EndProject
Project("{FAE04EC0-301F-11D3-BF4B-00C04F79EFBC}") = "TimerApp", "TimerApp\TimerApp.csproj", "{54530A46-1CA1-4B46-83ED-F3A4C8F38FD8}"
EndProject
Project("{FAE04EC0-301F-11D3-BF4B-00C04F79EFBC}") = "ThreadPoolApp", "ThreadPoolApp\ThreadPoolApp.csproj", "{A6DF36F4-A4EE-4A40-9EE3-E27E52BF7D92}"
EndProject
Project("{FAE04EC0-301F-11D3-BF4B-00C04F79EFBC}") = "DataParallelismWithForEach", "DataParallelismWithForEach\DataParallelismWithForEach.csproj", "{0804C17D-975A-40E1-BDC0-5E81F2ABF47A}"
EndProject
Project("{FAE04EC0-301F-11D3-BF4B-00C04F79EFBC}") = "MyEBookReader", "MyEBookReader\MyEBookReader.csproj", "{E4426A63-8FD5-468E-ADF0-6F98F6AB640E}"
EndProject
Project("{FAE04EC0-301F-11D3-BF4B-00C04F79EFBC}") = "PLINQDataProcessingWithCancellation", "PLINQDataProcessingWithCancellation\PLINQDataProcessingWithCancellation.csproj", "{18A540B6-F765-4DFF-9E05-C2E281F6AED0}"
EndProject
Project("{FAE04EC0-301F-11D3-BF4B-00C04F79EFBC}") = "CSharpAsync", "CSharpAsync\CSharpAsync.csproj", "{139A32E9-7D18-4F70-A92A-62694444D851}"
EndProject
Project("{FAE04EC0-301F-11D3-BF4B-00C04F79EFBC}") = "PictureHandlerWithAsyncAwait", "PictureHandlerWithAsyncAwait\PictureHandlerWithAsyncAwait.csproj", "{2F9E82C7-242B-446A-B427-61CAC281C707}"
EndProject
Project("{FAE04EC0-301F-11D3-BF4B-00C04F79EFBC}") = "AsyncStream", "AsyncStream\AsyncStream.csproj", "{5FB9E91F-4985-450F-8ED7-3E2E6F4DBA7F}"
EndProject
Project("{FAE04EC0-301F-11D3-BF4B-00C04F79EFBC}") = "CustomNamespaces", "CustomNamespaces\CustomNamespaces.csproj", "{C81B3E95-47B5-416C-B30F-9CC8F1462306}"
EndProject
Project("{FAE04EC0-301F-11D3-BF4B-00C04F79EFBC}") = "ConfigurationFiles", "ConfigurationFiles\ConfigurationFiles.csproj", "{37250599-70A9-473D-A98A-A4E846C95A0C}"
EndProject
Project("{FAE04EC0-301F-11D3-BF4B-00C04F79EFBC}") = "CarLibrary", "CarLibrary\CarLibrary.csproj", "{FBF6D419-BDB2-41A0-A58C-01314F6791CD}"
EndProject
Project("{FAE04EC0-301F-11D3-BF4B-00C04F79EFBC}") = "CSharpCarClient", "CSharpCarClient\CSharpCarClient.csproj", "{4303F2E5-5BEE-428B-B92D-F2411B35EC0D}"
EndProject
Global
	GlobalSection(SolutionConfigurationPlatforms) = preSolution
		Debug|Any CPU = Debug|Any CPU
		Release|Any CPU = Release|Any CPU
	EndGlobalSection
	GlobalSection(SolutionProperties) = preSolution
		HideSolutionNode = FALSE
	EndGlobalSection
	GlobalSection(ProjectConfigurationPlatforms) = postSolution
		{C326C118-E1D2-41B7-9E40-0FBEBBCEAF6E}.Debug|Any CPU.ActiveCfg = Debug|Any CPU
		{C326C118-E1D2-41B7-9E40-0FBEBBCEAF6E}.Debug|Any CPU.Build.0 = Debug|Any CPU
		{C326C118-E1D2-41B7-9E40-0FBEBBCEAF6E}.Release|Any CPU.ActiveCfg = Release|Any CPU
		{C326C118-E1D2-41B7-9E40-0FBEBBCEAF6E}.Release|Any CPU.Build.0 = Release|Any CPU
		{13CED052-0722-47C9-8EF7-DAF3CF0A8F00}.Debug|Any CPU.ActiveCfg = Debug|Any CPU
		{13CED052-0722-47C9-8EF7-DAF3CF0A8F00}.Debug|Any CPU.Build.0 = Debug|Any CPU
		{13CED052-0722-47C9-8EF7-DAF3CF0A8F00}.Release|Any CPU.ActiveCfg = Release|Any CPU
		{13CED052-0722-47C9-8EF7-DAF3CF0A8F00}.Release|Any CPU.Build.0 = Release|Any CPU
		{52DCAE03-561E-4B91-822C-792CCDE4953F}.Debug|Any CPU.ActiveCfg = Debug|Any CPU
		{52DCAE03-561E-4B91-822C-792CCDE4953F}.Debug|Any CPU.Build.0 = Debug|Any CPU
		{52DCAE03-561E-4B91-822C-792CCDE4953F}.Release|Any CPU.ActiveCfg = Release|Any CPU
		{52DCAE03-561E-4B91-822C-792CCDE4953F}.Release|Any CPU.Build.0 = Release|Any CPU
		{7706BCA3-44CB-40E4-8F7B-A621E545408C}.Debug|Any CPU.ActiveCfg = Debug|Any CPU
		{7706BCA3-44CB-40E4-8F7B-A621E545408C}.Debug|Any CPU.Build.0 = Debug|Any CPU
		{7706BCA3-44CB-40E4-8F7B-A621E545408C}.Release|Any CPU.ActiveCfg = Release|Any CPU
		{7706BCA3-44CB-40E4-8F7B-A621E545408C}.Release|Any CPU.Build.0 = Release|Any CPU
		{4EE2D4A2-D6E9-4550-840C-E37902184DDB}.Debug|Any CPU.ActiveCfg = Debug|Any CPU
		{4EE2D4A2-D6E9-4550-840C-E37902184DDB}.Debug|Any CPU.Build.0 = Debug|Any CPU
		{4EE2D4A2-D6E9-4550-840C-E37902184DDB}.Release|Any CPU.ActiveCfg = Release|Any CPU
		{4EE2D4A2-D6E9-4550-840C-E37902184DDB}.Release|Any CPU.Build.0 = Release|Any CPU
		{54530A46-1CA1-4B46-83ED-F3A4C8F38FD8}.Debug|Any CPU.ActiveCfg = Debug|Any CPU
		{54530A46-1CA1-4B46-83ED-F3A4C8F38FD8}.Debug|Any CPU.Build.0 = Debug|Any CPU
		{54530A46-1CA1-4B46-83ED-F3A4C8F38FD8}.Release|Any CPU.ActiveCfg = Release|Any CPU
		{54530A46-1CA1-4B46-83ED-F3A4C8F38FD8}.Release|Any CPU.Build.0 = Release|Any CPU
		{A6DF36F4-A4EE-4A40-9EE3-E27E52BF7D92}.Debug|Any CPU.ActiveCfg = Debug|Any CPU
		{A6DF36F4-A4EE-4A40-9EE3-E27E52BF7D92}.Debug|Any CPU.Build.0 = Debug|Any CPU
		{A6DF36F4-A4EE-4A40-9EE3-E27E52BF7D92}.Release|Any CPU.ActiveCfg = Release|Any CPU
		{A6DF36F4-A4EE-4A40-9EE3-E27E52BF7D92}.Release|Any CPU.Build.0 = Release|Any CPU
		{0804C17D-975A-40E1-BDC0-5E81F2ABF47A}.Debug|Any CPU.ActiveCfg = Debug|Any CPU
		{0804C17D-975A-40E1-BDC0-5E81F2ABF47A}.Debug|Any CPU.Build.0 = Debug|Any CPU
		{0804C17D-975A-40E1-BDC0-5E81F2ABF47A}.Release|Any CPU.ActiveCfg = Release|Any CPU
		{0804C17D-975A-40E1-BDC0-5E81F2ABF47A}.Release|Any CPU.Build.0 = Release|Any CPU
		{E4426A63-8FD5-468E-ADF0-6F98F6AB640E}.Debug|Any CPU.ActiveCfg = Debug|Any CPU
		{E4426A63-8FD5-468E-ADF0-6F98F6AB640E}.Debug|Any CPU.Build.0 = Debug|Any CPU
		{E4426A63-8FD5-468E-ADF0-6F98F6AB640E}.Release|Any CPU.ActiveCfg = Release|Any CPU
		{E4426A63-8FD5-468E-ADF0-6F98F6AB640E}.Release|Any CPU.Build.0 = Release|Any CPU
		{18A540B6-F765-4DFF-9E05-C2E281F6AED0}.Debug|Any CPU.ActiveCfg = Debug|Any CPU
		{18A540B6-F765-4DFF-9E05-C2E281F6AED0}.Debug|Any CPU.Build.0 = Debug|Any CPU
		{18A540B6-F765-4DFF-9E05-C2E281F6AED0}.Release|Any CPU.ActiveCfg = Release|Any CPU
		{18A540B6-F765-4DFF-9E05-C2E281F6AED0}.Release|Any CPU.Build.0 = Release|Any CPU
		{139A32E9-7D18-4F70-A92A-62694444D851}.Debug|Any CPU.ActiveCfg = Debug|Any CPU
		{139A32E9-7D18-4F70-A92A-62694444D851}.Debug|Any CPU.Build.0 = Debug|Any CPU
		{139A32E9-7D18-4F70-A92A-62694444D851}.Release|Any CPU.ActiveCfg = Release|Any CPU
		{139A32E9-7D18-4F70-A92A-62694444D851}.Release|Any CPU.Build.0 = Release|Any CPU
		{2F9E82C7-242B-446A-B427-61CAC281C707}.Debug|Any CPU.ActiveCfg = Debug|Any CPU
		{2F9E82C7-242B-446A-B427-61CAC281C707}.Debug|Any CPU.Build.0 = Debug|Any CPU
		{2F9E82C7-242B-446A-B427-61CAC281C707}.Release|Any CPU.ActiveCfg = Release|Any CPU
		{2F9E82C7-242B-446A-B427-61CAC281C707}.Release|Any CPU.Build.0 = Release|Any CPU
		{5FB9E91F-4985-450F-8ED7-3E2E6F4DBA7F}.Debug|Any CPU.ActiveCfg = Debug|Any CPU
		{5FB9E91F-4985-450F-8ED7-3E2E6F4DBA7F}.Debug|Any CPU.Build.0 = Debug|Any CPU
		{5FB9E91F-4985-450F-8ED7-3E2E6F4DBA7F}.Release|Any CPU.ActiveCfg = Release|Any CPU
		{5FB9E91F-4985-450F-8ED7-3E2E6F4DBA7F}.Release|Any CPU.Build.0 = Release|Any CPU
		{C81B3E95-47B5-416C-B30F-9CC8F1462306}.Debug|Any CPU.ActiveCfg = Debug|Any CPU
		{C81B3E95-47B5-416C-B30F-9CC8F1462306}.Debug|Any CPU.Build.0 = Debug|Any CPU
		{C81B3E95-47B5-416C-B30F-9CC8F1462306}.Release|Any CPU.ActiveCfg = Release|Any CPU
		{C81B3E95-47B5-416C-B30F-9CC8F1462306}.Release|Any CPU.Build.0 = Release|Any CPU
		{37250599-70A9-473D-A98A-A4E846C95A0C}.Debug|Any CPU.ActiveCfg = Debug|Any CPU
		{37250599-70A9-473D-A98A-A4E846C95A0C}.Debug|Any CPU.Build.0 = Debug|Any CPU
		{37250599-70A9-473D-A98A-A4E846C95A0C}.Release|Any CPU.ActiveCfg = Release|Any CPU
		{37250599-70A9-473D-A98A-A4E846C95A0C}.Release|Any CPU.Build.0 = Release|Any CPU
		{FBF6D419-BDB2-41A0-A58C-01314F6791CD}.Debug|Any CPU.ActiveCfg = Debug|Any CPU
		{FBF6D419-BDB2-41A0-A58C-01314F6791CD}.Debug|Any CPU.Build.0 = Debug|Any CPU
		{FBF6D419-BDB2-41A0-A58C-01314F6791CD}.Release|Any CPU.ActiveCfg = Release|Any CPU
		{FBF6D419-BDB2-41A0-A58C-01314F6791CD}.Release|Any CPU.Build.0 = Release|Any CPU
		{4303F2E5-5BEE-428B-B92D-F2411B35EC0D}.Debug|Any CPU.ActiveCfg = Debug|Any CPU
		{4303F2E5-5BEE-428B-B92D-F2411B35EC0D}.Debug|Any CPU.Build.0 = Debug|Any CPU
		{4303F2E5-5BEE-428B-B92D-F2411B35EC0D}.Release|Any CPU.ActiveCfg = Release|Any CPU
		{4303F2E5-5BEE-428B-B92D-F2411B35EC0D}.Release|Any CPU.Build.0 = Release|Any CPU
	EndGlobalSection
EndGlobal
