
Microsoft Visual Studio Solution File, Format Version 12.00
# Visual Studio Version 17
VisualStudioVersion = 17.0.31903.59
MinimumVisualStudioVersion = 10.0.40219.1
Project("{FAE04EC0-301F-11D3-BF4B-00C04F79EFBC}") = "ThreadStats", "ThreadStats\ThreadStats.csproj", "{C326C118-E1D2-41B7-9E40-0FBEBBCEAF6E}"
EndProject
Project("{FAE04EC0-301F-11D3-BF4B-00C04F79EFBC}") = "SimpleMultiThreadApp", "SimpleMultiThreadApp\SimpleMultiThreadApp.csproj", "{13CED052-0722-47C9-8EF7-DAF3CF0A8F00}"
EndProject
Project("{FAE04EC0-301F-11D3-BF4B-00C04F79EFBC}") = "AddWithThreads", "AddWithThreads\AddWithThreads.csproj", "{52DCAE03-561E-4B91-822C-792CCDE4953F}"
EndProject
Global
	GlobalSection(SolutionConfigurationPlatforms) = preSolution
		Debug|Any CPU = Debug|Any CPU
		Release|Any CPU = Release|Any CPU
	EndGlobalSection
	GlobalSection(SolutionProperties) = preSolution
		HideSolutionNode = FALSE
	EndGlobalSection
	GlobalSection(ProjectConfigurationPlatforms) = postSolution
		{C326C118-E1D2-41B7-9E40-0FBEBBCEAF6E}.Debug|Any CPU.ActiveCfg = Debug|Any CPU
		{C326C118-E1D2-41B7-9E40-0FBEBBCEAF6E}.Debug|Any CPU.Build.0 = Debug|Any CPU
		{C326C118-E1D2-41B7-9E40-0FBEBBCEAF6E}.Release|Any CPU.ActiveCfg = Release|Any CPU
		{C326C118-E1D2-41B7-9E40-0FBEBBCEAF6E}.Release|Any CPU.Build.0 = Release|Any CPU
		{13CED052-0722-47C9-8EF7-DAF3CF0A8F00}.Debug|Any CPU.ActiveCfg = Debug|Any CPU
		{13CED052-0722-47C9-8EF7-DAF3CF0A8F00}.Debug|Any CPU.Build.0 = Debug|Any CPU
		{13CED052-0722-47C9-8EF7-DAF3CF0A8F00}.Release|Any CPU.ActiveCfg = Release|Any CPU
		{13CED052-0722-47C9-8EF7-DAF3CF0A8F00}.Release|Any CPU.Build.0 = Release|Any CPU
		{52DCAE03-561E-4B91-822C-792CCDE4953F}.Debug|Any CPU.ActiveCfg = Debug|Any CPU
		{52DCAE03-561E-4B91-822C-792CCDE4953F}.Debug|Any CPU.Build.0 = Debug|Any CPU
		{52DCAE03-561E-4B91-822C-792CCDE4953F}.Release|Any CPU.ActiveCfg = Release|Any CPU
		{52DCAE03-561E-4B91-822C-792CCDE4953F}.Release|Any CPU.Build.0 = Release|Any CPU
	EndGlobalSection
EndGlobal
